PODS:
  - NCMB (3.0.0)
  - R.swift (4.0.0):
    - R.swift.Library (~> 4.0.0)
  - R.swift.Library (4.0.0)
  - SkyFloatingLabelTextField (3.6.0)
  - SlideMenuControllerSwift (4.0.0)
  - SnapKit (4.0.1)
  - SVProgressHUD (2.2.5)
  - SwiftyUserDefaults (4.0.0-alpha.1)
  - ZFRippleButton (0.6)

DEPENDENCIES:
  - NCMB (from `https://github.com/NIFCloud-mbaas/ncmb_ios.git`)
  - R.swift (~> 4.0.0)
  - SkyFloatingLabelTextField (~> 3.0)
  - SlideMenuControllerSwift (~> 4.0.0)
  - SnapKit (~> 4.0.1)
  - SVProgressHUD (~> 2.2.5)
  - SwiftyUserDefaults (= 4.0.0-alpha.1)
  - ZFRippleButton

SPEC REPOS:
  https://github.com/cocoapods/specs.git:
    - R.swift
    - R.swift.Library
    - SkyFloatingLabelTextField
    - SlideMenuControllerSwift
    - SnapKit
    - SVProgressHUD
    - SwiftyUserDefaults
    - ZFRippleButton

EXTERNAL SOURCES:
  NCMB:
    :git: https://github.com/NIFCloud-mbaas/ncmb_ios.git

CHECKOUT OPTIONS:
  NCMB:
    :commit: ce9d29969b01382943e4d8fd30f07d17dc52f3de
    :git: https://github.com/NIFCloud-mbaas/ncmb_ios.git

SPEC CHECKSUMS:
  NCMB: 53f7cd60388556330e18cc9196cbe4f897d5c091
  R.swift: d6a5ec2f55a8441dc0ed9f1f8b37d7d11ae85c66
  R.swift.Library: c3af34921024333546e23b70e70d0b4e0cffca75
  SkyFloatingLabelTextField: 38164979b79512f9ff9288ad8acfc4bbf5d843e3
  SlideMenuControllerSwift: 021d6318201c53d4d4d3710517d43d6c556c7dd0
  SnapKit: 0de968a9fec17499afa29683b05d0c775b6d1c29
  SVProgressHUD: 1428aafac632c1f86f62aa4243ec12008d7a51d6
  SwiftyUserDefaults: cebe0ff9472f52699772a514b6f7155861d8069b
  ZFRippleButton: 62ea35e209757704dea697d66489fe69c13d7b77

PODFILE CHECKSUM: 3ea647e977c1b38e6789d10e7a738bf6138f9977

COCOAPODS: 1.5.3
